
Microsoft Visual Studio Solution File, Format Version 12.00
# Visual Studio Version 17
VisualStudioVersion = 17.8.34330.188
MinimumVisualStudioVersion = 10.0.40219.1
Project("{FAE04EC0-301F-11D3-BF4B-00C04F79EFBC}") = "BookCipher", "BookCipher\BookCipher.csproj", "{121B6872-652C-4105-AB70-5F69A0F45C2C}"
EndProject
Global
	GlobalSection(SolutionConfigurationPlatforms) = preSolution
		Debug|Any CPU = Debug|Any CPU
		Release|Any CPU = Release|Any CPU
	EndGlobalSection
	GlobalSection(ProjectConfigurationPlatforms) = postSolution
		{121B6872-652C-4105-AB70-5F69A0F45C2C}.Debug|Any CPU.ActiveCfg = Debug|Any CPU
		{121B6872-652C-4105-AB70-5F69A0F45C2C}.Debug|Any CPU.Build.0 = Debug|Any CPU
		{121B6872-652C-4105-AB70-5F69A0F45C2C}.Release|Any CPU.ActiveCfg = Release|Any CPU
		{121B6872-652C-4105-AB70-5F69A0F45C2C}.Release|Any CPU.Build.0 = Release|Any CPU
	EndGlobalSection
	GlobalSection(SolutionProperties) = preSolution
		HideSolutionNode = FALSE
	EndGlobalSection
	GlobalSection(ExtensibilityGlobals) = postSolution
		SolutionGuid = {E548E7A0-D1BE-42DB-B83E-F158B0DDB62C}
	EndGlobalSection
EndGlobal
